
Microsoft Visual Studio Solution File, Format Version 12.00
# Visual Studio Version 17
VisualStudioVersion = 17.12.35527.113
MinimumVisualStudioVersion = 10.0.40219.1
Project("{FAE04EC0-301F-11D3-BF4B-00C04F79EFBC}") = "SistemaTrenAPI.Consumer", "SistemaTrenAPI.Consumer\SistemaTrenAPI.Consumer.csproj", "{8D01A62E-C214-4614-B340-8515BE2A2781}"
EndProject
Project("{FAE04EC0-301F-11D3-BF4B-00C04F79EFBC}") = "SistemaTren.MVC", "SistemaTren.MVC\SistemaTren.MVC.csproj", "{A336B78B-2FA5-44C9-A8EF-2D5F8BD82102}"
EndProject
Global
	GlobalSection(SolutionConfigurationPlatforms) = preSolution
		Debug|Any CPU = Debug|Any CPU
		Release|Any CPU = Release|Any CPU
	EndGlobalSection
	GlobalSection(ProjectConfigurationPlatforms) = postSolution
		{8D01A62E-C214-4614-B340-8515BE2A2781}.Debug|Any CPU.ActiveCfg = Debug|Any CPU
		{8D01A62E-C214-4614-B340-8515BE2A2781}.Debug|Any CPU.Build.0 = Debug|Any CPU
		{8D01A62E-C214-4614-B340-8515BE2A2781}.Release|Any CPU.ActiveCfg = Release|Any CPU
		{8D01A62E-C214-4614-B340-8515BE2A2781}.Release|Any CPU.Build.0 = Release|Any CPU
		{A336B78B-2FA5-44C9-A8EF-2D5F8BD82102}.Debug|Any CPU.ActiveCfg = Debug|Any CPU
		{A336B78B-2FA5-44C9-A8EF-2D5F8BD82102}.Debug|Any CPU.Build.0 = Debug|Any CPU
		{A336B78B-2FA5-44C9-A8EF-2D5F8BD82102}.Release|Any CPU.ActiveCfg = Release|Any CPU
		{A336B78B-2FA5-44C9-A8EF-2D5F8BD82102}.Release|Any CPU.Build.0 = Release|Any CPU
	EndGlobalSection
	GlobalSection(SolutionProperties) = preSolution
		HideSolutionNode = FALSE
	EndGlobalSection
EndGlobal
